
Microsoft Visual Studio Solution File, Format Version 12.00
# Visual Studio 15
VisualStudioVersion = 15.0.28307.489
MinimumVisualStudioVersion = 10.0.40219.1
Project("{FAE04EC0-301F-11D3-BF4B-00C04F79EFBC}") = "SPRTMT2.Android", "SPRTMT2\SPRTMT2.Android\SPRTMT2.Android.csproj", "{7CC6B28F-BD8B-4216-B13E-5ED7FCBC2701}"
EndProject
Project("{FAE04EC0-301F-11D3-BF4B-00C04F79EFBC}") = "SPRTMT2.iOS", "SPRTMT2\SPRTMT2.iOS\SPRTMT2.iOS.csproj", "{DBE2CB83-CD3C-4D4E-8A8E-D3DDECD413D9}"
EndProject
Project("{FAE04EC0-301F-11D3-BF4B-00C04F79EFBC}") = "SPRTMT2", "SPRTMT2\SPRTMT2\SPRTMT2.csproj", "{CC026265-8220-44F2-8B27-D21CCFE64BFB}"
EndProject
Global
	GlobalSection(SolutionConfigurationPlatforms) = preSolution
		Ad-Hoc|Any CPU = Ad-Hoc|Any CPU
		Ad-Hoc|iPhone = Ad-Hoc|iPhone
		Ad-Hoc|iPhoneSimulator = Ad-Hoc|iPhoneSimulator
		AppStore|Any CPU = AppStore|Any CPU
		AppStore|iPhone = AppStore|iPhone
		AppStore|iPhoneSimulator = AppStore|iPhoneSimulator
		Debug|Any CPU = Debug|Any CPU
		Debug|iPhone = Debug|iPhone
		Debug|iPhoneSimulator = Debug|iPhoneSimulator
		Release|Any CPU = Release|Any CPU
		Release|iPhone = Release|iPhone
		Release|iPhoneSimulator = Release|iPhoneSimulator
	EndGlobalSection
	GlobalSection(ProjectConfigurationPlatforms) = postSolution
		{7CC6B28F-BD8B-4216-B13E-5ED7FCBC2701}.Ad-Hoc|Any CPU.ActiveCfg = Release|Any CPU
		{7CC6B28F-BD8B-4216-B13E-5ED7FCBC2701}.Ad-Hoc|Any CPU.Build.0 = Release|Any CPU
		{7CC6B28F-BD8B-4216-B13E-5ED7FCBC2701}.Ad-Hoc|Any CPU.Deploy.0 = Release|Any CPU
		{7CC6B28F-BD8B-4216-B13E-5ED7FCBC2701}.Ad-Hoc|iPhone.ActiveCfg = Release|Any CPU
		{7CC6B28F-BD8B-4216-B13E-5ED7FCBC2701}.Ad-Hoc|iPhone.Build.0 = Release|Any CPU
		{7CC6B28F-BD8B-4216-B13E-5ED7FCBC2701}.Ad-Hoc|iPhone.Deploy.0 = Release|Any CPU
		{7CC6B28F-BD8B-4216-B13E-5ED7FCBC2701}.Ad-Hoc|iPhoneSimulator.ActiveCfg = Release|Any CPU
		{7CC6B28F-BD8B-4216-B13E-5ED7FCBC2701}.Ad-Hoc|iPhoneSimulator.Build.0 = Release|Any CPU
		{7CC6B28F-BD8B-4216-B13E-5ED7FCBC2701}.Ad-Hoc|iPhoneSimulator.Deploy.0 = Release|Any CPU
		{7CC6B28F-BD8B-4216-B13E-5ED7FCBC2701}.AppStore|Any CPU.ActiveCfg = Release|Any CPU
		{7CC6B28F-BD8B-4216-B13E-5ED7FCBC2701}.AppStore|Any CPU.Build.0 = Release|Any CPU
		{7CC6B28F-BD8B-4216-B13E-5ED7FCBC2701}.AppStore|Any CPU.Deploy.0 = Release|Any CPU
		{7CC6B28F-BD8B-4216-B13E-5ED7FCBC2701}.AppStore|iPhone.ActiveCfg = Release|Any CPU
		{7CC6B28F-BD8B-4216-B13E-5ED7FCBC2701}.AppStore|iPhone.Build.0 = Release|Any CPU
		{7CC6B28F-BD8B-4216-B13E-5ED7FCBC2701}.AppStore|iPhone.Deploy.0 = Release|Any CPU
		{7CC6B28F-BD8B-4216-B13E-5ED7FCBC2701}.AppStore|iPhoneSimulator.ActiveCfg = Release|Any CPU
		{7CC6B28F-BD8B-4216-B13E-5ED7FCBC2701}.AppStore|iPhoneSimulator.Build.0 = Release|Any CPU
		{7CC6B28F-BD8B-4216-B13E-5ED7FCBC2701}.AppStore|iPhoneSimulator.Deploy.0 = Release|Any CPU
		{7CC6B28F-BD8B-4216-B13E-5ED7FCBC2701}.Debug|Any CPU.ActiveCfg = Debug|Any CPU
		{7CC6B28F-BD8B-4216-B13E-5ED7FCBC2701}.Debug|Any CPU.Build.0 = Debug|Any CPU
		{7CC6B28F-BD8B-4216-B13E-5ED7FCBC2701}.Debug|Any CPU.Deploy.0 = Debug|Any CPU
		{7CC6B28F-BD8B-4216-B13E-5ED7FCBC2701}.Debug|iPhone.ActiveCfg = Debug|Any CPU
		{7CC6B28F-BD8B-4216-B13E-5ED7FCBC2701}.Debug|iPhone.Build.0 = Debug|Any CPU
		{7CC6B28F-BD8B-4216-B13E-5ED7FCBC2701}.Debug|iPhone.Deploy.0 = Debug|Any CPU
		{7CC6B28F-BD8B-4216-B13E-5ED7FCBC2701}.Debug|iPhoneSimulator.ActiveCfg = Debug|Any CPU
		{7CC6B28F-BD8B-4216-B13E-5ED7FCBC2701}.Debug|iPhoneSimulator.Build.0 = Debug|Any CPU
		{7CC6B28F-BD8B-4216-B13E-5ED7FCBC2701}.Debug|iPhoneSimulator.Deploy.0 = Debug|Any CPU
		{7CC6B28F-BD8B-4216-B13E-5ED7FCBC2701}.Release|Any CPU.ActiveCfg = Release|Any CPU
		{7CC6B28F-BD8B-4216-B13E-5ED7FCBC2701}.Release|Any CPU.Build.0 = Release|Any CPU
		{7CC6B28F-BD8B-4216-B13E-5ED7FCBC2701}.Release|Any CPU.Deploy.0 = Release|Any CPU
		{7CC6B28F-BD8B-4216-B13E-5ED7FCBC2701}.Release|iPhone.ActiveCfg = Release|Any CPU
		{7CC6B28F-BD8B-4216-B13E-5ED7FCBC2701}.Release|iPhone.Build.0 = Release|Any CPU
		{7CC6B28F-BD8B-4216-B13E-5ED7FCBC2701}.Release|iPhone.Deploy.0 = Release|Any CPU
		{7CC6B28F-BD8B-4216-B13E-5ED7FCBC2701}.Release|iPhoneSimulator.ActiveCfg = Release|Any CPU
		{7CC6B28F-BD8B-4216-B13E-5ED7FCBC2701}.Release|iPhoneSimulator.Build.0 = Release|Any CPU
		{7CC6B28F-BD8B-4216-B13E-5ED7FCBC2701}.Release|iPhoneSimulator.Deploy.0 = Release|Any CPU
		{DBE2CB83-CD3C-4D4E-8A8E-D3DDECD413D9}.Ad-Hoc|Any CPU.ActiveCfg = Ad-Hoc|iPhone
		{DBE2CB83-CD3C-4D4E-8A8E-D3DDECD413D9}.Ad-Hoc|Any CPU.Build.0 = Ad-Hoc|iPhone
		{DBE2CB83-CD3C-4D4E-8A8E-D3DDECD413D9}.Ad-Hoc|Any CPU.Deploy.0 = Ad-Hoc|iPhone
		{DBE2CB83-CD3C-4D4E-8A8E-D3DDECD413D9}.Ad-Hoc|iPhone.ActiveCfg = Ad-Hoc|iPhone
		{DBE2CB83-CD3C-4D4E-8A8E-D3DDECD413D9}.Ad-Hoc|iPhone.Build.0 = Ad-Hoc|iPhone
		{DBE2CB83-CD3C-4D4E-8A8E-D3DDECD413D9}.Ad-Hoc|iPhone.Deploy.0 = Ad-Hoc|iPhone
		{DBE2CB83-CD3C-4D4E-8A8E-D3DDECD413D9}.Ad-Hoc|iPhoneSimulator.ActiveCfg = Ad-Hoc|iPhoneSimulator
		{DBE2CB83-CD3C-4D4E-8A8E-D3DDECD413D9}.Ad-Hoc|iPhoneSimulator.Build.0 = Ad-Hoc|iPhoneSimulator
		{DBE2CB83-CD3C-4D4E-8A8E-D3DDECD413D9}.Ad-Hoc|iPhoneSimulator.Deploy.0 = Ad-Hoc|iPhoneSimulator
		{DBE2CB83-CD3C-4D4E-8A8E-D3DDECD413D9}.AppStore|Any CPU.ActiveCfg = AppStore|iPhone
		{DBE2CB83-CD3C-4D4E-8A8E-D3DDECD413D9}.AppStore|Any CPU.Build.0 = AppStore|iPhone
		{DBE2CB83-CD3C-4D4E-8A8E-D3DDECD413D9}.AppStore|Any CPU.Deploy.0 = AppStore|iPhone
		{DBE2CB83-CD3C-4D4E-8A8E-D3DDECD413D9}.AppStore|iPhone.ActiveCfg = AppStore|iPhone
		{DBE2CB83-CD3C-4D4E-8A8E-D3DDECD413D9}.AppStore|iPhone.Build.0 = AppStore|iPhone
		{DBE2CB83-CD3C-4D4E-8A8E-D3DDECD413D9}.AppStore|iPhone.Deploy.0 = AppStore|iPhone
		{DBE2CB83-CD3C-4D4E-8A8E-D3DDECD413D9}.AppStore|iPhoneSimulator.ActiveCfg = AppStore|iPhoneSimulator
		{DBE2CB83-CD3C-4D4E-8A8E-D3DDECD413D9}.AppStore|iPhoneSimulator.Build.0 = AppStore|iPhoneSimulator
		{DBE2CB83-CD3C-4D4E-8A8E-D3DDECD413D9}.AppStore|iPhoneSimulator.Deploy.0 = AppStore|iPhoneSimulator
		{DBE2CB83-CD3C-4D4E-8A8E-D3DDECD413D9}.Debug|Any CPU.ActiveCfg = Debug|iPhoneSimulator
		{DBE2CB83-CD3C-4D4E-8A8E-D3DDECD413D9}.Debug|Any CPU.Build.0 = Debug|iPhoneSimulator
		{DBE2CB83-CD3C-4D4E-8A8E-D3DDECD413D9}.Debug|Any CPU.Deploy.0 = Debug|iPhoneSimulator
		{DBE2CB83-CD3C-4D4E-8A8E-D3DDECD413D9}.Debug|iPhone.ActiveCfg = Debug|iPhone
		{DBE2CB83-CD3C-4D4E-8A8E-D3DDECD413D9}.Debug|iPhone.Build.0 = Debug|iPhone
		{DBE2CB83-CD3C-4D4E-8A8E-D3DDECD413D9}.Debug|iPhone.Deploy.0 = Debug|iPhone
		{DBE2CB83-CD3C-4D4E-8A8E-D3DDECD413D9}.Debug|iPhoneSimulator.ActiveCfg = Debug|iPhoneSimulator
		{DBE2CB83-CD3C-4D4E-8A8E-D3DDECD413D9}.Debug|iPhoneSimulator.Build.0 = Debug|iPhoneSimulator
		{DBE2CB83-CD3C-4D4E-8A8E-D3DDECD413D9}.Debug|iPhoneSimulator.Deploy.0 = Debug|iPhoneSimulator
		{DBE2CB83-CD3C-4D4E-8A8E-D3DDECD413D9}.Release|Any CPU.ActiveCfg = Release|iPhone
		{DBE2CB83-CD3C-4D4E-8A8E-D3DDECD413D9}.Release|Any CPU.Build.0 = Release|iPhone
		{DBE2CB83-CD3C-4D4E-8A8E-D3DDECD413D9}.Release|Any CPU.Deploy.0 = Release|iPhone
		{DBE2CB83-CD3C-4D4E-8A8E-D3DDECD413D9}.Release|iPhone.ActiveCfg = Release|iPhone
		{DBE2CB83-CD3C-4D4E-8A8E-D3DDECD413D9}.Release|iPhone.Build.0 = Release|iPhone
		{DBE2CB83-CD3C-4D4E-8A8E-D3DDECD413D9}.Release|iPhone.Deploy.0 = Release|iPhone
		{DBE2CB83-CD3C-4D4E-8A8E-D3DDECD413D9}.Release|iPhoneSimulator.ActiveCfg = Release|iPhoneSimulator
		{DBE2CB83-CD3C-4D4E-8A8E-D3DDECD413D9}.Release|iPhoneSimulator.Build.0 = Release|iPhoneSimulator
		{DBE2CB83-CD3C-4D4E-8A8E-D3DDECD413D9}.Release|iPhoneSimulator.Deploy.0 = Release|iPhoneSimulator
		{CC026265-8220-44F2-8B27-D21CCFE64BFB}.Ad-Hoc|Any CPU.ActiveCfg = Debug|Any CPU
		{CC026265-8220-44F2-8B27-D21CCFE64BFB}.Ad-Hoc|Any CPU.Build.0 = Debug|Any CPU
		{CC026265-8220-44F2-8B27-D21CCFE64BFB}.Ad-Hoc|Any CPU.Deploy.0 = Debug|Any CPU
		{CC026265-8220-44F2-8B27-D21CCFE64BFB}.Ad-Hoc|iPhone.ActiveCfg = Debug|Any CPU
		{CC026265-8220-44F2-8B27-D21CCFE64BFB}.Ad-Hoc|iPhone.Build.0 = Debug|Any CPU
		{CC026265-8220-44F2-8B27-D21CCFE64BFB}.Ad-Hoc|iPhone.Deploy.0 = Debug|Any CPU
		{CC026265-8220-44F2-8B27-D21CCFE64BFB}.Ad-Hoc|iPhoneSimulator.ActiveCfg = Debug|Any CPU
		{CC026265-8220-44F2-8B27-D21CCFE64BFB}.Ad-Hoc|iPhoneSimulator.Build.0 = Debug|Any CPU
		{CC026265-8220-44F2-8B27-D21CCFE64BFB}.Ad-Hoc|iPhoneSimulator.Deploy.0 = Debug|Any CPU
		{CC026265-8220-44F2-8B27-D21CCFE64BFB}.AppStore|Any CPU.ActiveCfg = Debug|Any CPU
		{CC026265-8220-44F2-8B27-D21CCFE64BFB}.AppStore|Any CPU.Build.0 = Debug|Any CPU
		{CC026265-8220-44F2-8B27-D21CCFE64BFB}.AppStore|Any CPU.Deploy.0 = Debug|Any CPU
		{CC026265-8220-44F2-8B27-D21CCFE64BFB}.AppStore|iPhone.ActiveCfg = Debug|Any CPU
		{CC026265-8220-44F2-8B27-D21CCFE64BFB}.AppStore|iPhone.Build.0 = Debug|Any CPU
		{CC026265-8220-44F2-8B27-D21CCFE64BFB}.AppStore|iPhone.Deploy.0 = Debug|Any CPU
		{CC026265-8220-44F2-8B27-D21CCFE64BFB}.AppStore|iPhoneSimulator.ActiveCfg = Debug|Any CPU
		{CC026265-8220-44F2-8B27-D21CCFE64BFB}.AppStore|iPhoneSimulator.Build.0 = Debug|Any CPU
		{CC026265-8220-44F2-8B27-D21CCFE64BFB}.AppStore|iPhoneSimulator.Deploy.0 = Debug|Any CPU
		{CC026265-8220-44F2-8B27-D21CCFE64BFB}.Debug|Any CPU.ActiveCfg = Debug|Any CPU
		{CC026265-8220-44F2-8B27-D21CCFE64BFB}.Debug|Any CPU.Build.0 = Debug|Any CPU
		{CC026265-8220-44F2-8B27-D21CCFE64BFB}.Debug|Any CPU.Deploy.0 = Debug|Any CPU
		{CC026265-8220-44F2-8B27-D21CCFE64BFB}.Debug|iPhone.ActiveCfg = Debug|Any CPU
		{CC026265-8220-44F2-8B27-D21CCFE64BFB}.Debug|iPhone.Build.0 = Debug|Any CPU
		{CC026265-8220-44F2-8B27-D21CCFE64BFB}.Debug|iPhone.Deploy.0 = Debug|Any CPU
		{CC026265-8220-44F2-8B27-D21CCFE64BFB}.Debug|iPhoneSimulator.ActiveCfg = Debug|Any CPU
		{CC026265-8220-44F2-8B27-D21CCFE64BFB}.Debug|iPhoneSimulator.Build.0 = Debug|Any CPU
		{CC026265-8220-44F2-8B27-D21CCFE64BFB}.Debug|iPhoneSimulator.Deploy.0 = Debug|Any CPU
		{CC026265-8220-44F2-8B27-D21CCFE64BFB}.Release|Any CPU.ActiveCfg = Release|Any CPU
		{CC026265-8220-44F2-8B27-D21CCFE64BFB}.Release|Any CPU.Build.0 = Release|Any CPU
		{CC026265-8220-44F2-8B27-D21CCFE64BFB}.Release|Any CPU.Deploy.0 = Release|Any CPU
		{CC026265-8220-44F2-8B27-D21CCFE64BFB}.Release|iPhone.ActiveCfg = Release|Any CPU
		{CC026265-8220-44F2-8B27-D21CCFE64BFB}.Release|iPhone.Build.0 = Release|Any CPU
		{CC026265-8220-44F2-8B27-D21CCFE64BFB}.Release|iPhone.Deploy.0 = Release|Any CPU
		{CC026265-8220-44F2-8B27-D21CCFE64BFB}.Release|iPhoneSimulator.ActiveCfg = Release|Any CPU
		{CC026265-8220-44F2-8B27-D21CCFE64BFB}.Release|iPhoneSimulator.Build.0 = Release|Any CPU
		{CC026265-8220-44F2-8B27-D21CCFE64BFB}.Release|iPhoneSimulator.Deploy.0 = Release|Any CPU
	EndGlobalSection
	GlobalSection(SolutionProperties) = preSolution
		HideSolutionNode = FALSE
	EndGlobalSection
	GlobalSection(ExtensibilityGlobals) = postSolution
		SolutionGuid = {E7D88C1D-AC88-469E-A6FB-8F785DBB1CC2}
	EndGlobalSection
EndGlobal
